
Microsoft Visual Studio Solution File, Format Version 12.00
# Visual Studio Version 17
VisualStudioVersion = 17.0.31903.59
MinimumVisualStudioVersion = 10.0.40219.1
Project("{FAE04EC0-301F-11D3-BF4B-00C04F79EFBC}") = "TaskScheduler.Entities", "TaskScheduler.Entities\TaskScheduler.Entities.csproj", "{6700C347-07A9-4D9F-A832-FCEC3595903A}"
EndProject
Project("{FAE04EC0-301F-11D3-BF4B-00C04F79EFBC}") = "TaskScheduler.DataAccess", "TaskScheduler.DataAccess\TaskScheduler.DataAccess.csproj", "{5B334761-F622-4EE0-A027-3F11E0D80769}"
EndProject
Project("{FAE04EC0-301F-11D3-BF4B-00C04F79EFBC}") = "TaskScheduler.Business", "TaskScheduler.Business\TaskScheduler.Business.csproj", "{0B3DC042-26B2-4633-AA3F-9F87AE34AF2B}"
EndProject
Project("{FAE04EC0-301F-11D3-BF4B-00C04F79EFBC}") = "TaskScheduler.Web", "TaskScheduler.Web\TaskScheduler.Web.csproj", "{DD0E4D1C-143D-4681-83AE-276A41E37D75}"
EndProject
Global
	GlobalSection(SolutionConfigurationPlatforms) = preSolution
		Debug|Any CPU = Debug|Any CPU
		Debug|x64 = Debug|x64
		Debug|x86 = Debug|x86
		Release|Any CPU = Release|Any CPU
		Release|x64 = Release|x64
		Release|x86 = Release|x86
	EndGlobalSection
	GlobalSection(ProjectConfigurationPlatforms) = postSolution
		{6700C347-07A9-4D9F-A832-FCEC3595903A}.Debug|Any CPU.ActiveCfg = Debug|Any CPU
		{6700C347-07A9-4D9F-A832-FCEC3595903A}.Debug|Any CPU.Build.0 = Debug|Any CPU
		{6700C347-07A9-4D9F-A832-FCEC3595903A}.Debug|x64.ActiveCfg = Debug|Any CPU
		{6700C347-07A9-4D9F-A832-FCEC3595903A}.Debug|x64.Build.0 = Debug|Any CPU
		{6700C347-07A9-4D9F-A832-FCEC3595903A}.Debug|x86.ActiveCfg = Debug|Any CPU
		{6700C347-07A9-4D9F-A832-FCEC3595903A}.Debug|x86.Build.0 = Debug|Any CPU
		{6700C347-07A9-4D9F-A832-FCEC3595903A}.Release|Any CPU.ActiveCfg = Release|Any CPU
		{6700C347-07A9-4D9F-A832-FCEC3595903A}.Release|Any CPU.Build.0 = Release|Any CPU
		{6700C347-07A9-4D9F-A832-FCEC3595903A}.Release|x64.ActiveCfg = Release|Any CPU
		{6700C347-07A9-4D9F-A832-FCEC3595903A}.Release|x64.Build.0 = Release|Any CPU
		{6700C347-07A9-4D9F-A832-FCEC3595903A}.Release|x86.ActiveCfg = Release|Any CPU
		{6700C347-07A9-4D9F-A832-FCEC3595903A}.Release|x86.Build.0 = Release|Any CPU
		{5B334761-F622-4EE0-A027-3F11E0D80769}.Debug|Any CPU.ActiveCfg = Debug|Any CPU
		{5B334761-F622-4EE0-A027-3F11E0D80769}.Debug|Any CPU.Build.0 = Debug|Any CPU
		{5B334761-F622-4EE0-A027-3F11E0D80769}.Debug|x64.ActiveCfg = Debug|Any CPU
		{5B334761-F622-4EE0-A027-3F11E0D80769}.Debug|x64.Build.0 = Debug|Any CPU
		{5B334761-F622-4EE0-A027-3F11E0D80769}.Debug|x86.ActiveCfg = Debug|Any CPU
		{5B334761-F622-4EE0-A027-3F11E0D80769}.Debug|x86.Build.0 = Debug|Any CPU
		{5B334761-F622-4EE0-A027-3F11E0D80769}.Release|Any CPU.ActiveCfg = Release|Any CPU
		{5B334761-F622-4EE0-A027-3F11E0D80769}.Release|Any CPU.Build.0 = Release|Any CPU
		{5B334761-F622-4EE0-A027-3F11E0D80769}.Release|x64.ActiveCfg = Release|Any CPU
		{5B334761-F622-4EE0-A027-3F11E0D80769}.Release|x64.Build.0 = Release|Any CPU
		{5B334761-F622-4EE0-A027-3F11E0D80769}.Release|x86.ActiveCfg = Release|Any CPU
		{5B334761-F622-4EE0-A027-3F11E0D80769}.Release|x86.Build.0 = Release|Any CPU
		{0B3DC042-26B2-4633-AA3F-9F87AE34AF2B}.Debug|Any CPU.ActiveCfg = Debug|Any CPU
		{0B3DC042-26B2-4633-AA3F-9F87AE34AF2B}.Debug|Any CPU.Build.0 = Debug|Any CPU
		{0B3DC042-26B2-4633-AA3F-9F87AE34AF2B}.Debug|x64.ActiveCfg = Debug|Any CPU
		{0B3DC042-26B2-4633-AA3F-9F87AE34AF2B}.Debug|x64.Build.0 = Debug|Any CPU
		{0B3DC042-26B2-4633-AA3F-9F87AE34AF2B}.Debug|x86.ActiveCfg = Debug|Any CPU
		{0B3DC042-26B2-4633-AA3F-9F87AE34AF2B}.Debug|x86.Build.0 = Debug|Any CPU
		{0B3DC042-26B2-4633-AA3F-9F87AE34AF2B}.Release|Any CPU.ActiveCfg = Release|Any CPU
		{0B3DC042-26B2-4633-AA3F-9F87AE34AF2B}.Release|Any CPU.Build.0 = Release|Any CPU
		{0B3DC042-26B2-4633-AA3F-9F87AE34AF2B}.Release|x64.ActiveCfg = Release|Any CPU
		{0B3DC042-26B2-4633-AA3F-9F87AE34AF2B}.Release|x64.Build.0 = Release|Any CPU
		{0B3DC042-26B2-4633-AA3F-9F87AE34AF2B}.Release|x86.ActiveCfg = Release|Any CPU
		{0B3DC042-26B2-4633-AA3F-9F87AE34AF2B}.Release|x86.Build.0 = Release|Any CPU
		{DD0E4D1C-143D-4681-83AE-276A41E37D75}.Debug|Any CPU.ActiveCfg = Debug|Any CPU
		{DD0E4D1C-143D-4681-83AE-276A41E37D75}.Debug|Any CPU.Build.0 = Debug|Any CPU
		{DD0E4D1C-143D-4681-83AE-276A41E37D75}.Debug|x64.ActiveCfg = Debug|Any CPU
		{DD0E4D1C-143D-4681-83AE-276A41E37D75}.Debug|x64.Build.0 = Debug|Any CPU
		{DD0E4D1C-143D-4681-83AE-276A41E37D75}.Debug|x86.ActiveCfg = Debug|Any CPU
		{DD0E4D1C-143D-4681-83AE-276A41E37D75}.Debug|x86.Build.0 = Debug|Any CPU
		{DD0E4D1C-143D-4681-83AE-276A41E37D75}.Release|Any CPU.ActiveCfg = Release|Any CPU
		{DD0E4D1C-143D-4681-83AE-276A41E37D75}.Release|Any CPU.Build.0 = Release|Any CPU
		{DD0E4D1C-143D-4681-83AE-276A41E37D75}.Release|x64.ActiveCfg = Release|Any CPU
		{DD0E4D1C-143D-4681-83AE-276A41E37D75}.Release|x64.Build.0 = Release|Any CPU
		{DD0E4D1C-143D-4681-83AE-276A41E37D75}.Release|x86.ActiveCfg = Release|Any CPU
		{DD0E4D1C-143D-4681-83AE-276A41E37D75}.Release|x86.Build.0 = Release|Any CPU
	EndGlobalSection
	GlobalSection(SolutionProperties) = preSolution
		HideSolutionNode = FALSE
	EndGlobalSection
EndGlobal
